
Microsoft Visual Studio Solution File, Format Version 12.00
# Visual Studio Version 17
VisualStudioVersion = 17.2.32616.157
MinimumVisualStudioVersion = 10.0.40219.1
Project("{9A19103F-16F7-4668-BE54-9A1E7A4F7556}") = "CronometroTresBotones", "CronometroTresBotones\CronometroTresBotones.csproj", "{EF7CB874-F03D-44CF-8210-1181051DD03A}"
EndProject
Project("{9A19103F-16F7-4668-BE54-9A1E7A4F7556}") = "CronometroDosBotones", "CronometroDosBotones\CronometroDosBotones.csproj", "{617661F1-0348-4092-AC14-BF55E0E74F88}"
EndProject
Global
	GlobalSection(SolutionConfigurationPlatforms) = preSolution
		Debug|Any CPU = Debug|Any CPU
		Release|Any CPU = Release|Any CPU
	EndGlobalSection
	GlobalSection(ProjectConfigurationPlatforms) = postSolution
		{EF7CB874-F03D-44CF-8210-1181051DD03A}.Debug|Any CPU.ActiveCfg = Debug|Any CPU
		{EF7CB874-F03D-44CF-8210-1181051DD03A}.Debug|Any CPU.Build.0 = Debug|Any CPU
		{EF7CB874-F03D-44CF-8210-1181051DD03A}.Release|Any CPU.ActiveCfg = Release|Any CPU
		{EF7CB874-F03D-44CF-8210-1181051DD03A}.Release|Any CPU.Build.0 = Release|Any CPU
		{617661F1-0348-4092-AC14-BF55E0E74F88}.Debug|Any CPU.ActiveCfg = Debug|Any CPU
		{617661F1-0348-4092-AC14-BF55E0E74F88}.Debug|Any CPU.Build.0 = Debug|Any CPU
		{617661F1-0348-4092-AC14-BF55E0E74F88}.Release|Any CPU.ActiveCfg = Release|Any CPU
		{617661F1-0348-4092-AC14-BF55E0E74F88}.Release|Any CPU.Build.0 = Release|Any CPU
	EndGlobalSection
	GlobalSection(SolutionProperties) = preSolution
		HideSolutionNode = FALSE
	EndGlobalSection
	GlobalSection(ExtensibilityGlobals) = postSolution
		SolutionGuid = {3A820E7B-6ABE-48F9-9D65-DAA2EF2ADF1C}
	EndGlobalSection
EndGlobal
